// !$*UTF8*$!
{
	archiveVersion = 1;
	classes = {
	};
	objectVersion = 46;
	objects = {

/* Begin PBXBuildFile section */
		044995321E961E8100FB7685 /* AppDelegate.swift in Sources */ = {isa = PBXBuildFile; fileRef = 044995311E961E8100FB7685 /* AppDelegate.swift */; };
		044995341E961E8100FB7685 /* ViewController.swift in Sources */ = {isa = PBXBuildFile; fileRef = 044995331E961E8100FB7685 /* ViewController.swift */; };
		044995371E961E8100FB7685 /* Main.storyboard in Resources */ = {isa = PBXBuildFile; fileRef = 044995351E961E8100FB7685 /* Main.storyboard */; };
		044995391E961E8100FB7685 /* Assets.xcassets in Resources */ = {isa = PBXBuildFile; fileRef = 044995381E961E8100FB7685 /* Assets.xcassets */; };
		0449953C1E961E8100FB7685 /* LaunchScreen.storyboard in Resources */ = {isa = PBXBuildFile; fileRef = 0449953A1E961E8100FB7685 /* LaunchScreen.storyboard */; };
		044995471E961E8100FB7685 /* AlgorithmUITests.swift in Sources */ = {isa = PBXBuildFile; fileRef = 044995461E961E8100FB7685 /* AlgorithmUITests.swift */; };
		0458E43F1F692BD10089D66F /* ArraySort.swift in Sources */ = {isa = PBXBuildFile; fileRef = 0458E43E1F692BD10089D66F /* ArraySort.swift */; };
/* End PBXBuildFile section */

/* Begin PBXContainerItemProxy section */
		044995431E961E8100FB7685 /* PBXContainerItemProxy */ = {
			isa = PBXContainerItemProxy;
			containerPortal = 044995261E961E8100FB7685 /* Project object */;
			proxyType = 1;
			remoteGlobalIDString = 0449952D1E961E8100FB7685;
			remoteInfo = Algorithm;
		};
/* End PBXContainerItemProxy section */

/* Begin PBXFileReference section */
		0449952E1E961E8100FB7685 /* Algorithm.app */ = {isa = PBXFileReference; explicitFileType = wrapper.application; includeInIndex = 0; path = Algorithm.app; sourceTree = BUILT_PRODUCTS_DIR; };
		044995311E961E8100FB7685 /* AppDelegate.swift */ = {isa = PBXFileReference; lastKnownFileType = sourcecode.swift; path = AppDelegate.swift; sourceTree = "<group>"; };
		044995331E961E8100FB7685 /* ViewController.swift */ = {isa = PBXFileReference; lastKnownFileType = sourcecode.swift; path = ViewController.swift; sourceTree = "<group>"; };
		044995361E961E8100FB7685 /* Base */ = {isa = PBXFileReference; lastKnownFileType = file.storyboard; name = Base; path = Base.lproj/Main.storyboard; sourceTree = "<group>"; };
		044995381E961E8100FB7685 /* Assets.xcassets */ = {isa = PBXFileReference; lastKnownFileType = folder.assetcatalog; path = Assets.xcassets; sourceTree = "<group>"; };
		0449953B1E961E8100FB7685 /* Base */ = {isa = PBXFileReference; lastKnownFileType = file.storyboard; name = Base; path = Base.lproj/LaunchScreen.storyboard; sourceTree = "<group>"; };
		0449953D1E961E8100FB7685 /* Info.plist */ = {isa = PBXFileReference; lastKnownFileType = text.plist.xml; path = Info.plist; sourceTree = "<group>"; };
		044995421E961E8100FB7685 /* AlgorithmUITests.xctest */ = {isa = PBXFileReference; explicitFileType = wrapper.cfbundle; includeInIndex = 0; path = AlgorithmUITests.xctest; sourceTree = BUILT_PRODUCTS_DIR; };
		044995461E961E8100FB7685 /* AlgorithmUITests.swift */ = {isa = PBXFileReference; lastKnownFileType = sourcecode.swift; path = AlgorithmUITests.swift; sourceTree = "<group>"; };
		044995481E961E8100FB7685 /* Info.plist */ = {isa = PBXFileReference; lastKnownFileType = text.plist.xml; path = Info.plist; sourceTree = "<group>"; };
		0458E43E1F692BD10089D66F /* ArraySort.swift */ = {isa = PBXFileReference; fileEncoding = 4; lastKnownFileType = sourcecode.swift; path = ArraySort.swift; sourceTree = "<group>"; };
/* End PBXFileReference section */

/* Begin PBXFrameworksBuildPhase section */
		0449952B1E961E8100FB7685 /* Frameworks */ = {
			isa = PBXFrameworksBuildPhase;
			buildActionMask = 2147483647;
			files = (
			);
			runOnlyForDeploymentPostprocessing = 0;
		};
		0449953F1E961E8100FB7685 /* Frameworks */ = {
			isa = PBXFrameworksBuildPhase;
			buildActionMask = 2147483647;
			files = (
			);
			runOnlyForDeploymentPostprocessing = 0;
		};
/* End PBXFrameworksBuildPhase section */

/* Begin PBXGroup section */
		044995251E961E8100FB7685 = {
			isa = PBXGroup;
			children = (
				044995301E961E8100FB7685 /* Algorithm */,
				044995451E961E8100FB7685 /* AlgorithmUITests */,
				0449952F1E961E8100FB7685 /* Products */,
			);
			sourceTree = "<group>";
		};
		0449952F1E961E8100FB7685 /* Products */ = {
			isa = PBXGroup;
			children = (
				0449952E1E961E8100FB7685 /* Algorithm.app */,
				044995421E961E8100FB7685 /* AlgorithmUITests.xctest */,
			);
			name = Products;
			sourceTree = "<group>";
		};
		044995301E961E8100FB7685 /* Algorithm */ = {
			isa = PBXGroup;
			children = (
				044995311E961E8100FB7685 /* AppDelegate.swift */,
				044995331E961E8100FB7685 /* ViewController.swift */,
				044995351E961E8100FB7685 /* Main.storyboard */,
				044995381E961E8100FB7685 /* Assets.xcassets */,
				0449953A1E961E8100FB7685 /* LaunchScreen.storyboard */,
				0449953D1E961E8100FB7685 /* Info.plist */,
				0458E43E1F692BD10089D66F /* ArraySort.swift */,
			);
			path = Algorithm;
			sourceTree = "<group>";
		};
		044995451E961E8100FB7685 /* AlgorithmUITests */ = {
			isa = PBXGroup;
			children = (
				044995461E961E8100FB7685 /* AlgorithmUITests.swift */,
				044995481E961E8100FB7685 /* Info.plist */,
			);
			path = AlgorithmUITests;
			sourceTree = "<group>";
		};
/* End PBXGroup section */

/* Begin PBXNativeTarget section */
		0449952D1E961E8100FB7685 /* Algorithm */ = {
			isa = PBXNativeTarget;
			buildConfigurationList = 0449954B1E961E8100FB7685 /* Build configuration list for PBXNativeTarget "Algorithm" */;
			buildPhases = (
				0449952A1E961E8100FB7685 /* Sources */,
				0449952B1E961E8100FB7685 /* Frameworks */,
				0449952C1E961E8100FB7685 /* Resources */,
			);
			buildRules = (
			);
			dependencies = (
			);
			name = Algorithm;
			productName = Algorithm;
			productReference = 0449952E1E961E8100FB7685 /* Algorithm.app */;
			productType = "com.apple.product-type.application";
		};
		044995411E961E8100FB7685 /* AlgorithmUITests */ = {
			isa = PBXNativeTarget;
			buildConfigurationList = 0449954E1E961E8100FB7685 /* Build configuration list for PBXNativeTarget "AlgorithmUITests" */;
			buildPhases = (
				0449953E1E961E8100FB7685 /* Sources */,
				0449953F1E961E8100FB7685 /* Frameworks */,
				044995401E961E8100FB7685 /* Resources */,
			);
			buildRules = (
			);
			dependencies = (
				044995441E961E8100FB7685 /* PBXTargetDependency */,
			);
			name = AlgorithmUITests;
			productName = AlgorithmUITests;
			productReference = 044995421E961E8100FB7685 /* AlgorithmUITests.xctest */;
			productType = "com.apple.product-type.bundle.ui-testing";
		};
/* End PBXNativeTarget section */

/* Begin PBXProject section */
		044995261E961E8100FB7685 /* Project object */ = {
			isa = PBXProject;
			attributes = {
				LastSwiftUpdateCheck = 0730;
				LastUpgradeCheck = 0730;
				ORGANIZATIONNAME = Fly;
				TargetAttributes = {
					0449952D1E961E8100FB7685 = {
						CreatedOnToolsVersion = 7.3.1;
						LastSwiftMigration = 0830;
					};
					044995411E961E8100FB7685 = {
						CreatedOnToolsVersion = 7.3.1;
						LastSwiftMigration = 0830;
						TestTargetID = 0449952D1E961E8100FB7685;
					};
				};
			};
			buildConfigurationList = 044995291E961E8100FB7685 /* Build configuration list for PBXProject "Algorithm" */;
			compatibilityVersion = "Xcode 3.2";
			developmentRegion = English;
			hasScannedForEncodings = 0;
			knownRegions = (
				en,
				Base,
			);
			mainGroup = 044995251E961E8100FB7685;
			productRefGroup = 0449952F1E961E8100FB7685 /* Products */;
			projectDirPath = "";
			projectRoot = "";
			targets = (
				0449952D1E961E8100FB7685 /* Algorithm */,
				044995411E961E8100FB7685 /* AlgorithmUITests */,
			);
		};
/* End PBXProject section */

/* Begin PBXResourcesBuildPhase section */
		0449952C1E961E8100FB7685 /* Resources */ = {
			isa = PBXResourcesBuildPhase;
			buildActionMask = 2147483647;
			files = (
				0449953C1E961E8100FB7685 /* LaunchScreen.storyboard in Resources */,
				044995391E961E8100FB7685 /* Assets.xcassets in Resources */,
				044995371E961E8100FB7685 /* Main.storyboard in Resources */,
			);
			runOnlyForDeploymentPostprocessing = 0;
		};
		044995401E961E8100FB7685 /* Resources */ = {
			isa = PBXResourcesBuildPhase;
			buildActionMask = 2147483647;
			files = (
			);
			runOnlyForDeploymentPostprocessing = 0;
		};
/* End PBXResourcesBuildPhase section */

/* Begin PBXSourcesBuildPhase section */
		0449952A1E961E8100FB7685 /* Sources */ = {
			isa = PBXSourcesBuildPhase;
			buildActionMask = 2147483647;
			files = (
				044995341E961E8100FB7685 /* ViewController.swift in Sources */,
				044995321E961E8100FB7685 /* AppDelegate.swift in Sources */,
				0458E43F1F692BD10089D66F /* ArraySort.swift in Sources */,
			);
			runOnlyForDeploymentPostprocessing = 0;
		};
		0449953E1E961E8100FB7685 /* Sources */ = {
			isa = PBXSourcesBuildPhase;
			buildActionMask = 2147483647;
			files = (
				044995471E961E8100FB7685 /* AlgorithmUITests.swift in Sources */,
			);
			runOnlyForDeploymentPostprocessing = 0;
		};
/* End PBXSourcesBuildPhase section */

/* Begin PBXTargetDependency section */
		044995441E961E8100FB7685 /* PBXTargetDependency */ = {
			isa = PBXTargetDependency;
			target = 0449952D1E961E8100FB7685 /* Algorithm */;
			targetProxy = 044995431E961E8100FB7685 /* PBXContainerItemProxy */;
		};
/* End PBXTargetDependency section */

/* Begin PBXVariantGroup section */
		044995351E961E8100FB7685 /* Main.storyboard */ = {
			isa = PBXVariantGroup;
			children = (
				044995361E961E8100FB7685 /* Base */,
			);
			name = Main.storyboard;
			sourceTree = "<group>";
		};
		0449953A1E961E8100FB7685 /* LaunchScreen.storyboard */ = {
			isa = PBXVariantGroup;
			children = (
				0449953B1E961E8100FB7685 /* Base */,
			);
			name = LaunchScreen.storyboard;
			sourceTree = "<group>";
		};
/* End PBXVariantGroup section */

/* Begin XCBuildConfiguration section */
		044995491E961E8100FB7685 /* Debug */ = {
			isa = XCBuildConfiguration;
			buildSettings = {
				ALWAYS_SEARCH_USER_PATHS = NO;
				CLANG_ANALYZER_NONNULL = YES;
				CLANG_CXX_LANGUAGE_STANDARD = "gnu++0x";
				CLANG_CXX_LIBRARY = "libc++";
				CLANG_ENABLE_MODULES = YES;
				CLANG_ENABLE_OBJC_ARC = YES;
				CLANG_WARN_BOOL_CONVERSION = YES;
				CLANG_WARN_CONSTANT_CONVERSION = YES;
				CLANG_WARN_DIRECT_OBJC_ISA_USAGE = YES_ERROR;
				CLANG_WARN_EMPTY_BODY = YES;
				CLANG_WARN_ENUM_CONVERSION = YES;
				CLANG_WARN_INT_CONVERSION = YES;
				CLANG_WARN_OBJC_ROOT_CLASS = YES_ERROR;
				CLANG_WARN_UNREACHABLE_CODE = YES;
				CLANG_WARN__DUPLICATE_METHOD_MATCH = YES;
				"CODE_SIGN_IDENTITY[sdk=iphoneos*]" = "iPhone Developer";
				COPY_PHASE_STRIP = NO;
				DEBUG_INFORMATION_FORMAT = dwarf;
				ENABLE_STRICT_OBJC_MSGSEND = YES;
				ENABLE_TESTABILITY = YES;
				GCC_C_LANGUAGE_STANDARD = gnu99;
				GCC_DYNAMIC_NO_PIC = NO;
				GCC_NO_COMMON_BLOCKS = YES;
				GCC_OPTIMIZATION_LEVEL = 0;
				GCC_PREPROCESSOR_DEFINITIONS = (
					"DEBUG=1",
					"$(inherited)",
				);
				GCC_WARN_64_TO_32_BIT_CONVERSION = YES;
				GCC_WARN_ABOUT_RETURN_TYPE = YES_ERROR;
				GCC_WARN_UNDECLARED_SELECTOR = YES;
				GCC_WARN_UNINITIALIZED_AUTOS = YES_AGGRESSIVE;
				GCC_WARN_UNUSED_FUNCTION = YES;
				GCC_WARN_UNUSED_VARIABLE = YES;
				IPHONEOS_DEPLOYMENT_TARGET = 9.3;
				MTL_ENABLE_DEBUG_INFO = YES;
				ONLY_ACTIVE_ARCH = YES;
				SDKROOT = iphoneos;
				SWIFT_OPTIMIZATION_LEVEL = "-Onone";
				TARGETED_DEVICE_FAMILY = "1,2";
			};
			name = Debug;
		};
		0449954A1E961E8100FB7685 /* Release */ = {
			isa = XCBuildConfiguration;
			buildSettings = {
				ALWAYS_SEARCH_USER_PATHS = NO;
				CLANG_ANALYZER_NONNULL = YES;
				CLANG_CXX_LANGUAGE_STANDARD = "gnu++0x";
				CLANG_CXX_LIBRARY = "libc++";
				CLANG_ENABLE_MODULES = YES;
				CLANG_ENABLE_OBJC_ARC = YES;
				CLANG_WARN_BOOL_CONVERSION = YES;
				CLANG_WARN_CONSTANT_CONVERSION = YES;
				CLANG_WARN_DIRECT_OBJC_ISA_USAGE = YES_ERROR;
				CLANG_WARN_EMPTY_BODY = YES;
				CLANG_WARN_ENUM_CONVERSION = YES;
				CLANG_WARN_INT_CONVERSION = YES;
				CLANG_WARN_OBJC_ROOT_CLASS = YES_ERROR;
				CLANG_WARN_UNREACHABLE_CODE = YES;
				CLANG_WARN__DUPLICATE_METHOD_MATCH = YES;
				"CODE_SIGN_IDENTITY[sdk=iphoneos*]" = "iPhone Developer";
				COPY_PHASE_STRIP = NO;
				DEBUG_INFORMATION_FORMAT = "dwarf-with-dsym";
				ENABLE_NS_ASSERTIONS = NO;
				ENABLE_STRICT_OBJC_MSGSEND = YES;
				GCC_C_LANGUAGE_STANDARD = gnu99;
				GCC_NO_COMMON_BLOCKS = YES;
				GCC_WARN_64_TO_32_BIT_CONVERSION = YES;
				GCC_WARN_ABOUT_RETURN_TYPE = YES_ERROR;
				GCC_WARN_UNDECLARED_SELECTOR = YES;
				GCC_WARN_UNINITIALIZED_AUTOS = YES_AGGRESSIVE;
				GCC_WARN_UNUSED_FUNCTION = YES;
				GCC_WARN_UNUSED_VARIABLE = YES;
				IPHONEOS_DEPLOYMENT_TARGET = 9.3;
				MTL_ENABLE_DEBUG_INFO = NO;
				SDKROOT = iphoneos;
				TARGETED_DEVICE_FAMILY = "1,2";
				VALIDATE_PRODUCT = YES;
			};
			name = Release;
		};
		0449954C1E961E8100FB7685 /* Debug */ = {
			isa = XCBuildConfiguration;
			buildSettings = {
				ASSETCATALOG_COMPILER_APPICON_NAME = AppIcon;
				INFOPLIST_FILE = Algorithm/Info.plist;
				LD_RUNPATH_SEARCH_PATHS = "$(inherited) @executable_path/Frameworks";
				PRODUCT_BUNDLE_IDENTIFIER = com.moxian.Algorithm;
				PRODUCT_NAME = "$(TARGET_NAME)";
				SWIFT_VERSION = 3.0;
			};
			name = Debug;
		};
		0449954D1E961E8100FB7685 /* Release */ = {
			isa = XCBuildConfiguration;
			buildSettings = {
				ASSETCATALOG_COMPILER_APPICON_NAME = AppIcon;
				INFOPLIST_FILE = Algorithm/Info.plist;
				LD_RUNPATH_SEARCH_PATHS = "$(inherited) @executable_path/Frameworks";
				PRODUCT_BUNDLE_IDENTIFIER = com.moxian.Algorithm;
				PRODUCT_NAME = "$(TARGET_NAME)";
				SWIFT_VERSION = 3.0;
			};
			name = Release;
		};
		0449954F1E961E8100FB7685 /* Debug */ = {
			isa = XCBuildConfiguration;
			buildSettings = {
				INFOPLIST_FILE = AlgorithmUITests/Info.plist;
				LD_RUNPATH_SEARCH_PATHS = "$(inherited) @executable_path/Frameworks @loader_path/Frameworks";
				PRODUCT_BUNDLE_IDENTIFIER = Fly.AlgorithmUITests;
				PRODUCT_NAME = "$(TARGET_NAME)";
				SWIFT_VERSION = 3.0;
				TEST_TARGET_NAME = Algorithm;
			};
			name = Debug;
		};
		044995501E961E8100FB7685 /* Release */ = {
			isa = XCBuildConfiguration;
			buildSettings = {
				INFOPLIST_FILE = AlgorithmUITests/Info.plist;
				LD_RUNPATH_SEARCH_PATHS = "$(inherited) @executable_path/Frameworks @loader_path/Frameworks";
				PRODUCT_BUNDLE_IDENTIFIER = Fly.AlgorithmUITests;
				PRODUCT_NAME = "$(TARGET_NAME)";
				SWIFT_VERSION = 3.0;
				TEST_TARGET_NAME = Algorithm;
			};
			name = Release;
		};
/* End XCBuildConfiguration section */

/* Begin XCConfigurationList section */
		044995291E961E8100FB7685 /* Build configuration list for PBXProject "Algorithm" */ = {
			isa = XCConfigurationList;
			buildConfigurations = (
				044995491E961E8100FB7685 /* Debug */,
				0449954A1E961E8100FB7685 /* Release */,
			);
			defaultConfigurationIsVisible = 0;
			defaultConfigurationName = Release;
		};
		0449954B1E961E8100FB7685 /* Build configuration list for PBXNativeTarget "Algorithm" */ = {
			isa = XCConfigurationList;
			buildConfigurations = (
				0449954C1E961E8100FB7685 /* Debug */,
				0449954D1E961E8100FB7685 /* Release */,
			);
			defaultConfigurationIsVisible = 0;
			defaultConfigurationName = Release;
		};
		0449954E1E961E8100FB7685 /* Build configuration list for PBXNativeTarget "AlgorithmUITests" */ = {
			isa = XCConfigurationList;
			buildConfigurations = (
				0449954F1E961E8100FB7685 /* Debug */,
				044995501E961E8100FB7685 /* Release */,
			);
			defaultConfigurationIsVisible = 0;
			defaultConfigurationName = Release;
		};
/* End XCConfigurationList section */
	};
	rootObject = 044995261E961E8100FB7685 /* Project object */;
}
